{
  "object": {
    "pins": [
      {
        "package": "AnyCodable",
        "repositoryURL": "https://github.com/Flight-School/AnyCodable",
        "state": {
          "branch": null,
          "revision": "22f302d4c048aafcda09a4ab5b8c0b03855316fb",
          "version": "0.6.3"
        }
      },
      {
        "package": "Emissary",
        "repositoryURL": "https://github.com/Fleuronic/Emissary",
        "state": {
          "branch": null,
          "revision": "212c9ba4f46fd5756eca4c889c662226e25511fe",
          "version": "0.4.8"
        }
      },
      {
        "package": "Identity",
        "repositoryURL": "https://github.com/JohnSundell/Identity",
        "state": {
          "branch": null,
          "revision": "c3c9102e8d5c2cfcc44a8c7c4bbb7cf3f7c12be9",
          "version": "0.3.0"
        }
      },
      {
        "package": "Skewer",
        "repositoryURL": "https://github.com/Fleuronic/Skewer",
        "state": {
          "branch": null,
          "revision": "05ade7f6e556ce1935c62f4f7b1fa43d0e29b957",
          "version": "3.0.1"
        }
      },
      {
        "package": "IPAddress",
        "repositoryURL": "https://github.com/vkill/SwiftIPAddress",
        "state": {
          "branch": "master",
          "revision": "5d04aaa9b158d49c629be437a41598345cde9782",
          "version": null
        }
      }
    ]
  },
  "version": 1
}
