{
  "object": {
    "pins": [
      {
        "package": "AnyCodable",
        "repositoryURL": "https://github.com/Flight-School/AnyCodable",
        "state": {
          "branch": null,
          "revision": "b1a7a8a6186f2fcb28f7bda67cfc545de48b3c80",
          "version": "0.6.2"
        }
      },
      {
        "package": "Emissary",
        "repositoryURL": "https://github.com/Fleuronic/Emissary",
        "state": {
          "branch": null,
          "revision": "5b6363863057c9b6d6a7e3c51e7f88ea82f97958",
          "version": "0.4.1"
        }
      },
      {
        "package": "Identity",
        "repositoryURL": "https://github.com/JohnSundell/Identity",
        "state": {
          "branch": null,
          "revision": "c3c9102e8d5c2cfcc44a8c7c4bbb7cf3f7c12be9",
          "version": "0.3.0"
        }
      },
      {
        "package": "Skewer",
        "repositoryURL": "https://github.com/Fleuronic/Skewer",
        "state": {
          "branch": null,
          "revision": "335106b6606d0b8cd65844b1578d89ee24a58e82",
          "version": "3.0.0"
        }
      },
      {
        "package": "IPAddress",
        "repositoryURL": "https://github.com/vkill/SwiftIPAddress",
        "state": {
          "branch": "master",
          "revision": "ef8f666d9065f16244b530a4e71ef5528c1ce666",
          "version": null
        }
      }
    ]
  },
  "version": 1
}
